{
  "name": "static",
  "version": "1.0.0",
  "lockfileVersion": 2,
  "requires": true,
  "packages": {
    "": {
      "name": "static",
      "version": "1.0.0",
      "license": "ISC",
      "dependencies": {
        "webauthn-components": "^0.2.9"
      }
    },
    "node_modules/webauthn-components": {
      "version": "0.2.9",
      "resolved": "https://registry.npmjs.org/webauthn-components/-/webauthn-components-0.2.9.tgz",
      "integrity": "sha512-P9ZV7bjfN5WNBU170Wkl8dQFx1e9YZuCpabT3gtSq8c7tB4d4iD7PSRtvY5/dYJkGR5bRgxYM4ybb41aW6x2fg=="
    }
  },
  "dependencies": {
    "webauthn-components": {
      "version": "0.2.9",
      "resolved": "https://registry.npmjs.org/webauthn-components/-/webauthn-components-0.2.9.tgz",
      "integrity": "sha512-P9ZV7bjfN5WNBU170Wkl8dQFx1e9YZuCpabT3gtSq8c7tB4d4iD7PSRtvY5/dYJkGR5bRgxYM4ybb41aW6x2fg=="
    }
  }
}
